// !$*UTF8*$!
{
	archiveVersion = 1;
	classes = {
	};
	objectVersion = 50;
	objects = {

/* Begin PBXBuildFile section */
		1DFA43E624578A00002128F1 /* IncompleteTasksTableViewCell.swift in Sources */ = {isa = PBXBuildFile; fileRef = 1DFA43E524578A00002128F1 /* IncompleteTasksTableViewCell.swift */; };
		1DFA43E824578A39002128F1 /* CompleteTasksTableViewCell.swift in Sources */ = {isa = PBXBuildFile; fileRef = 1DFA43E724578A39002128F1 /* CompleteTasksTableViewCell.swift */; };
		1DFA43EA24578AB3002128F1 /* CompleteTasksTableViewController.swift in Sources */ = {isa = PBXBuildFile; fileRef = 1DFA43E924578AB2002128F1 /* CompleteTasksTableViewController.swift */; };
		1DFA43EC24578ACE002128F1 /* IncompleteTasksTableViewController.swift in Sources */ = {isa = PBXBuildFile; fileRef = 1DFA43EB24578ACE002128F1 /* IncompleteTasksTableViewController.swift */; };
		1DFA43EE24578B32002128F1 /* TaskDetailViewController.swift in Sources */ = {isa = PBXBuildFile; fileRef = 1DFA43ED24578B32002128F1 /* TaskDetailViewController.swift */; };
		1DFA43F024578B80002128F1 /* AddTaskViewController.swift in Sources */ = {isa = PBXBuildFile; fileRef = 1DFA43EF24578B80002128F1 /* AddTaskViewController.swift */; };
		1DFA43F624579163002128F1 /* Task.xcdatamodeld in Sources */ = {isa = PBXBuildFile; fileRef = 1DFA43F424579163002128F1 /* Task.xcdatamodeld */; };
		1DFA43F82457918A002128F1 /* CoreDataStack.swift in Sources */ = {isa = PBXBuildFile; fileRef = 1DFA43F72457918A002128F1 /* CoreDataStack.swift */; };
		1DFA43FA245791C2002128F1 /* TaskRepresentation.swift in Sources */ = {isa = PBXBuildFile; fileRef = 1DFA43F9245791C2002128F1 /* TaskRepresentation.swift */; };
		1DFA43FC2457922B002128F1 /* Task+convience.swift in Sources */ = {isa = PBXBuildFile; fileRef = 1DFA43FB2457922B002128F1 /* Task+convience.swift */; };
		1DFA43FE245792CD002128F1 /* TaskController.swift in Sources */ = {isa = PBXBuildFile; fileRef = 1DFA43FD245792CC002128F1 /* TaskController.swift */; };
		DD553F8B24575A3100FEA663 /* AppDelegate.swift in Sources */ = {isa = PBXBuildFile; fileRef = DD553F8A24575A3100FEA663 /* AppDelegate.swift */; };
		DD553F8D24575A3100FEA663 /* SceneDelegate.swift in Sources */ = {isa = PBXBuildFile; fileRef = DD553F8C24575A3100FEA663 /* SceneDelegate.swift */; };
		DD553F9224575A3100FEA663 /* Main.storyboard in Resources */ = {isa = PBXBuildFile; fileRef = DD553F9024575A3100FEA663 /* Main.storyboard */; };
		DD553F9424575A3300FEA663 /* Assets.xcassets in Resources */ = {isa = PBXBuildFile; fileRef = DD553F9324575A3300FEA663 /* Assets.xcassets */; };
		DD553F9724575A3300FEA663 /* LaunchScreen.storyboard in Resources */ = {isa = PBXBuildFile; fileRef = DD553F9524575A3300FEA663 /* LaunchScreen.storyboard */; };
/* End PBXBuildFile section */

/* Begin PBXFileReference section */
		1DFA43E524578A00002128F1 /* IncompleteTasksTableViewCell.swift */ = {isa = PBXFileReference; lastKnownFileType = sourcecode.swift; path = IncompleteTasksTableViewCell.swift; sourceTree = "<group>"; };
		1DFA43E724578A39002128F1 /* CompleteTasksTableViewCell.swift */ = {isa = PBXFileReference; lastKnownFileType = sourcecode.swift; path = CompleteTasksTableViewCell.swift; sourceTree = "<group>"; };
		1DFA43E924578AB2002128F1 /* CompleteTasksTableViewController.swift */ = {isa = PBXFileReference; lastKnownFileType = sourcecode.swift; path = CompleteTasksTableViewController.swift; sourceTree = "<group>"; };
		1DFA43EB24578ACE002128F1 /* IncompleteTasksTableViewController.swift */ = {isa = PBXFileReference; lastKnownFileType = sourcecode.swift; path = IncompleteTasksTableViewController.swift; sourceTree = "<group>"; };
		1DFA43ED24578B32002128F1 /* TaskDetailViewController.swift */ = {isa = PBXFileReference; lastKnownFileType = sourcecode.swift; path = TaskDetailViewController.swift; sourceTree = "<group>"; };
		1DFA43EF24578B80002128F1 /* AddTaskViewController.swift */ = {isa = PBXFileReference; lastKnownFileType = sourcecode.swift; path = AddTaskViewController.swift; sourceTree = "<group>"; };
		1DFA43F524579163002128F1 /* Tasks.xcdatamodel */ = {isa = PBXFileReference; lastKnownFileType = wrapper.xcdatamodel; path = Tasks.xcdatamodel; sourceTree = "<group>"; };
		1DFA43F72457918A002128F1 /* CoreDataStack.swift */ = {isa = PBXFileReference; lastKnownFileType = sourcecode.swift; path = CoreDataStack.swift; sourceTree = "<group>"; };
		1DFA43F9245791C2002128F1 /* TaskRepresentation.swift */ = {isa = PBXFileReference; lastKnownFileType = sourcecode.swift; path = TaskRepresentation.swift; sourceTree = "<group>"; };
		1DFA43FB2457922B002128F1 /* Task+convience.swift */ = {isa = PBXFileReference; lastKnownFileType = sourcecode.swift; path = "Task+convience.swift"; sourceTree = "<group>"; };
		1DFA43FD245792CC002128F1 /* TaskController.swift */ = {isa = PBXFileReference; lastKnownFileType = sourcecode.swift; path = TaskController.swift; sourceTree = "<group>"; };
		DD553F8724575A3100FEA663 /* LambdaList.app */ = {isa = PBXFileReference; explicitFileType = wrapper.application; includeInIndex = 0; path = LambdaList.app; sourceTree = BUILT_PRODUCTS_DIR; };
		DD553F8A24575A3100FEA663 /* AppDelegate.swift */ = {isa = PBXFileReference; lastKnownFileType = sourcecode.swift; path = AppDelegate.swift; sourceTree = "<group>"; };
		DD553F8C24575A3100FEA663 /* SceneDelegate.swift */ = {isa = PBXFileReference; lastKnownFileType = sourcecode.swift; path = SceneDelegate.swift; sourceTree = "<group>"; };
		DD553F9124575A3100FEA663 /* Base */ = {isa = PBXFileReference; lastKnownFileType = file.storyboard; name = Base; path = Base.lproj/Main.storyboard; sourceTree = "<group>"; };
		DD553F9324575A3300FEA663 /* Assets.xcassets */ = {isa = PBXFileReference; lastKnownFileType = folder.assetcatalog; path = Assets.xcassets; sourceTree = "<group>"; };
		DD553F9624575A3300FEA663 /* Base */ = {isa = PBXFileReference; lastKnownFileType = file.storyboard; name = Base; path = Base.lproj/LaunchScreen.storyboard; sourceTree = "<group>"; };
		DD553F9824575A3300FEA663 /* Info.plist */ = {isa = PBXFileReference; lastKnownFileType = text.plist.xml; path = Info.plist; sourceTree = "<group>"; };
/* End PBXFileReference section */

/* Begin PBXFrameworksBuildPhase section */
		DD553F8424575A3100FEA663 /* Frameworks */ = {
			isa = PBXFrameworksBuildPhase;
			buildActionMask = 2147483647;
			files = (
			);
			runOnlyForDeploymentPostprocessing = 0;
		};
/* End PBXFrameworksBuildPhase section */

/* Begin PBXGroup section */
		1DFA43E02457881F002128F1 /* Application */ = {
			isa = PBXGroup;
			children = (
				DD553F8A24575A3100FEA663 /* AppDelegate.swift */,
				DD553F8C24575A3100FEA663 /* SceneDelegate.swift */,
				DD553F9324575A3300FEA663 /* Assets.xcassets */,
				DD553F9824575A3300FEA663 /* Info.plist */,
			);
			name = Application;
			sourceTree = "<group>";
		};
		1DFA43E12457882A002128F1 /* View Controllers */ = {
			isa = PBXGroup;
			children = (
				1DFA43E924578AB2002128F1 /* CompleteTasksTableViewController.swift */,
				1DFA43EB24578ACE002128F1 /* IncompleteTasksTableViewController.swift */,
				1DFA43ED24578B32002128F1 /* TaskDetailViewController.swift */,
				1DFA43EF24578B80002128F1 /* AddTaskViewController.swift */,
			);
			path = "View Controllers";
			sourceTree = "<group>";
		};
		1DFA43E22457883C002128F1 /* Storyboards */ = {
			isa = PBXGroup;
			children = (
				DD553F9024575A3100FEA663 /* Main.storyboard */,
				DD553F9524575A3300FEA663 /* LaunchScreen.storyboard */,
			);
			path = Storyboards;
			sourceTree = "<group>";
		};
		1DFA43E32457886C002128F1 /* Views */ = {
			isa = PBXGroup;
			children = (
				1DFA43E524578A00002128F1 /* IncompleteTasksTableViewCell.swift */,
				1DFA43E724578A39002128F1 /* CompleteTasksTableViewCell.swift */,
			);
			path = Views;
			sourceTree = "<group>";
		};
		1DFA43E42457887B002128F1 /* Model */ = {
			isa = PBXGroup;
			children = (
				1DFA43FD245792CC002128F1 /* TaskController.swift */,
				1DFA43F324578C00002128F1 /* CoreData */,
			);
			path = Model;
			sourceTree = "<group>";
		};
		1DFA43F324578C00002128F1 /* CoreData */ = {
			isa = PBXGroup;
			children = (
				1DFA43F424579163002128F1 /* Task.xcdatamodeld */,
				1DFA43F72457918A002128F1 /* CoreDataStack.swift */,
				1DFA43F9245791C2002128F1 /* TaskRepresentation.swift */,
				1DFA43FB2457922B002128F1 /* Task+convience.swift */,
			);
			path = CoreData;
			sourceTree = "<group>";
		};
		DD553F7E24575A3100FEA663 = {
			isa = PBXGroup;
			children = (
				DD553F8924575A3100FEA663 /* LambdaList */,
				DD553F8824575A3100FEA663 /* Products */,
			);
			sourceTree = "<group>";
		};
		DD553F8824575A3100FEA663 /* Products */ = {
			isa = PBXGroup;
			children = (
				DD553F8724575A3100FEA663 /* LambdaList.app */,
			);
			name = Products;
			sourceTree = "<group>";
		};
		DD553F8924575A3100FEA663 /* LambdaList */ = {
			isa = PBXGroup;
			children = (
				1DFA43E42457887B002128F1 /* Model */,
				1DFA43E32457886C002128F1 /* Views */,
				1DFA43E12457882A002128F1 /* View Controllers */,
				1DFA43E22457883C002128F1 /* Storyboards */,
				1DFA43E02457881F002128F1 /* Application */,
			);
			path = LambdaList;
			sourceTree = "<group>";
		};
/* End PBXGroup section */

/* Begin PBXNativeTarget section */
		DD553F8624575A3100FEA663 /* LambdaList */ = {
			isa = PBXNativeTarget;
			buildConfigurationList = DD553F9B24575A3300FEA663 /* Build configuration list for PBXNativeTarget "LambdaList" */;
			buildPhases = (
				DD553F8324575A3100FEA663 /* Sources */,
				DD553F8424575A3100FEA663 /* Frameworks */,
				DD553F8524575A3100FEA663 /* Resources */,
			);
			buildRules = (
			);
			dependencies = (
			);
			name = LambdaList;
			productName = LambdaList;
			productReference = DD553F8724575A3100FEA663 /* LambdaList.app */;
			productType = "com.apple.product-type.application";
		};
/* End PBXNativeTarget section */

/* Begin PBXProject section */
		DD553F7F24575A3100FEA663 /* Project object */ = {
			isa = PBXProject;
			attributes = {
				LastSwiftUpdateCheck = 1140;
				LastUpgradeCheck = 1140;
				ORGANIZATIONNAME = "iOS BW";
				TargetAttributes = {
					DD553F8624575A3100FEA663 = {
						CreatedOnToolsVersion = 11.4.1;
					};
				};
			};
			buildConfigurationList = DD553F8224575A3100FEA663 /* Build configuration list for PBXProject "LambdaList" */;
			compatibilityVersion = "Xcode 9.3";
			developmentRegion = en;
			hasScannedForEncodings = 0;
			knownRegions = (
				en,
				Base,
			);
			mainGroup = DD553F7E24575A3100FEA663;
			productRefGroup = DD553F8824575A3100FEA663 /* Products */;
			projectDirPath = "";
			projectRoot = "";
			targets = (
				DD553F8624575A3100FEA663 /* LambdaList */,
			);
		};
/* End PBXProject section */

/* Begin PBXResourcesBuildPhase section */
		DD553F8524575A3100FEA663 /* Resources */ = {
			isa = PBXResourcesBuildPhase;
			buildActionMask = 2147483647;
			files = (
				DD553F9724575A3300FEA663 /* LaunchScreen.storyboard in Resources */,
				DD553F9424575A3300FEA663 /* Assets.xcassets in Resources */,
				DD553F9224575A3100FEA663 /* Main.storyboard in Resources */,
			);
			runOnlyForDeploymentPostprocessing = 0;
		};
/* End PBXResourcesBuildPhase section */

/* Begin PBXSourcesBuildPhase section */
		DD553F8324575A3100FEA663 /* Sources */ = {
			isa = PBXSourcesBuildPhase;
			buildActionMask = 2147483647;
			files = (
				1DFA43EE24578B32002128F1 /* TaskDetailViewController.swift in Sources */,
				1DFA43F024578B80002128F1 /* AddTaskViewController.swift in Sources */,
				1DFA43F624579163002128F1 /* Task.xcdatamodeld in Sources */,
				1DFA43EC24578ACE002128F1 /* IncompleteTasksTableViewController.swift in Sources */,
				1DFA43E824578A39002128F1 /* CompleteTasksTableViewCell.swift in Sources */,
				1DFA43FE245792CD002128F1 /* TaskController.swift in Sources */,
				1DFA43F82457918A002128F1 /* CoreDataStack.swift in Sources */,
				DD553F8B24575A3100FEA663 /* AppDelegate.swift in Sources */,
				1DFA43E624578A00002128F1 /* IncompleteTasksTableViewCell.swift in Sources */,
				1DFA43FC2457922B002128F1 /* Task+convience.swift in Sources */,
				1DFA43FA245791C2002128F1 /* TaskRepresentation.swift in Sources */,
				1DFA43EA24578AB3002128F1 /* CompleteTasksTableViewController.swift in Sources */,
				DD553F8D24575A3100FEA663 /* SceneDelegate.swift in Sources */,
			);
			runOnlyForDeploymentPostprocessing = 0;
		};
/* End PBXSourcesBuildPhase section */

/* Begin PBXVariantGroup section */
		DD553F9024575A3100FEA663 /* Main.storyboard */ = {
			isa = PBXVariantGroup;
			children = (
				DD553F9124575A3100FEA663 /* Base */,
			);
			name = Main.storyboard;
			sourceTree = "<group>";
		};
		DD553F9524575A3300FEA663 /* LaunchScreen.storyboard */ = {
			isa = PBXVariantGroup;
			children = (
				DD553F9624575A3300FEA663 /* Base */,
			);
			name = LaunchScreen.storyboard;
			sourceTree = "<group>";
		};
/* End PBXVariantGroup section */

/* Begin XCBuildConfiguration section */
		DD553F9924575A3300FEA663 /* Debug */ = {
			isa = XCBuildConfiguration;
			buildSettings = {
				ALWAYS_SEARCH_USER_PATHS = NO;
				CLANG_ANALYZER_NONNULL = YES;
				CLANG_ANALYZER_NUMBER_OBJECT_CONVERSION = YES_AGGRESSIVE;
				CLANG_CXX_LANGUAGE_STANDARD = "gnu++14";
				CLANG_CXX_LIBRARY = "libc++";
				CLANG_ENABLE_MODULES = YES;
				CLANG_ENABLE_OBJC_ARC = YES;
				CLANG_ENABLE_OBJC_WEAK = YES;
				CLANG_WARN_BLOCK_CAPTURE_AUTORELEASING = YES;
				CLANG_WARN_BOOL_CONVERSION = YES;
				CLANG_WARN_COMMA = YES;
				CLANG_WARN_CONSTANT_CONVERSION = YES;
				CLANG_WARN_DEPRECATED_OBJC_IMPLEMENTATIONS = YES;
				CLANG_WARN_DIRECT_OBJC_ISA_USAGE = YES_ERROR;
				CLANG_WARN_DOCUMENTATION_COMMENTS = YES;
				CLANG_WARN_EMPTY_BODY = YES;
				CLANG_WARN_ENUM_CONVERSION = YES;
				CLANG_WARN_INFINITE_RECURSION = YES;
				CLANG_WARN_INT_CONVERSION = YES;
				CLANG_WARN_NON_LITERAL_NULL_CONVERSION = YES;
				CLANG_WARN_OBJC_IMPLICIT_RETAIN_SELF = YES;
				CLANG_WARN_OBJC_LITERAL_CONVERSION = YES;
				CLANG_WARN_OBJC_ROOT_CLASS = YES_ERROR;
				CLANG_WARN_RANGE_LOOP_ANALYSIS = YES;
				CLANG_WARN_STRICT_PROTOTYPES = YES;
				CLANG_WARN_SUSPICIOUS_MOVE = YES;
				CLANG_WARN_UNGUARDED_AVAILABILITY = YES_AGGRESSIVE;
				CLANG_WARN_UNREACHABLE_CODE = YES;
				CLANG_WARN__DUPLICATE_METHOD_MATCH = YES;
				COPY_PHASE_STRIP = NO;
				DEBUG_INFORMATION_FORMAT = dwarf;
				ENABLE_STRICT_OBJC_MSGSEND = YES;
				ENABLE_TESTABILITY = YES;
				GCC_C_LANGUAGE_STANDARD = gnu11;
				GCC_DYNAMIC_NO_PIC = NO;
				GCC_NO_COMMON_BLOCKS = YES;
				GCC_OPTIMIZATION_LEVEL = 0;
				GCC_PREPROCESSOR_DEFINITIONS = (
					"DEBUG=1",
					"$(inherited)",
				);
				GCC_WARN_64_TO_32_BIT_CONVERSION = YES;
				GCC_WARN_ABOUT_RETURN_TYPE = YES_ERROR;
				GCC_WARN_UNDECLARED_SELECTOR = YES;
				GCC_WARN_UNINITIALIZED_AUTOS = YES_AGGRESSIVE;
				GCC_WARN_UNUSED_FUNCTION = YES;
				GCC_WARN_UNUSED_VARIABLE = YES;
				IPHONEOS_DEPLOYMENT_TARGET = 13.4;
				MTL_ENABLE_DEBUG_INFO = INCLUDE_SOURCE;
				MTL_FAST_MATH = YES;
				ONLY_ACTIVE_ARCH = YES;
				SDKROOT = iphoneos;
				SWIFT_ACTIVE_COMPILATION_CONDITIONS = DEBUG;
				SWIFT_OPTIMIZATION_LEVEL = "-Onone";
			};
			name = Debug;
		};
		DD553F9A24575A3300FEA663 /* Release */ = {
			isa = XCBuildConfiguration;
			buildSettings = {
				ALWAYS_SEARCH_USER_PATHS = NO;
				CLANG_ANALYZER_NONNULL = YES;
				CLANG_ANALYZER_NUMBER_OBJECT_CONVERSION = YES_AGGRESSIVE;
				CLANG_CXX_LANGUAGE_STANDARD = "gnu++14";
				CLANG_CXX_LIBRARY = "libc++";
				CLANG_ENABLE_MODULES = YES;
				CLANG_ENABLE_OBJC_ARC = YES;
				CLANG_ENABLE_OBJC_WEAK = YES;
				CLANG_WARN_BLOCK_CAPTURE_AUTORELEASING = YES;
				CLANG_WARN_BOOL_CONVERSION = YES;
				CLANG_WARN_COMMA = YES;
				CLANG_WARN_CONSTANT_CONVERSION = YES;
				CLANG_WARN_DEPRECATED_OBJC_IMPLEMENTATIONS = YES;
				CLANG_WARN_DIRECT_OBJC_ISA_USAGE = YES_ERROR;
				CLANG_WARN_DOCUMENTATION_COMMENTS = YES;
				CLANG_WARN_EMPTY_BODY = YES;
				CLANG_WARN_ENUM_CONVERSION = YES;
				CLANG_WARN_INFINITE_RECURSION = YES;
				CLANG_WARN_INT_CONVERSION = YES;
				CLANG_WARN_NON_LITERAL_NULL_CONVERSION = YES;
				CLANG_WARN_OBJC_IMPLICIT_RETAIN_SELF = YES;
				CLANG_WARN_OBJC_LITERAL_CONVERSION = YES;
				CLANG_WARN_OBJC_ROOT_CLASS = YES_ERROR;
				CLANG_WARN_RANGE_LOOP_ANALYSIS = YES;
				CLANG_WARN_STRICT_PROTOTYPES = YES;
				CLANG_WARN_SUSPICIOUS_MOVE = YES;
				CLANG_WARN_UNGUARDED_AVAILABILITY = YES_AGGRESSIVE;
				CLANG_WARN_UNREACHABLE_CODE = YES;
				CLANG_WARN__DUPLICATE_METHOD_MATCH = YES;
				COPY_PHASE_STRIP = NO;
				DEBUG_INFORMATION_FORMAT = "dwarf-with-dsym";
				ENABLE_NS_ASSERTIONS = NO;
				ENABLE_STRICT_OBJC_MSGSEND = YES;
				GCC_C_LANGUAGE_STANDARD = gnu11;
				GCC_NO_COMMON_BLOCKS = YES;
				GCC_WARN_64_TO_32_BIT_CONVERSION = YES;
				GCC_WARN_ABOUT_RETURN_TYPE = YES_ERROR;
				GCC_WARN_UNDECLARED_SELECTOR = YES;
				GCC_WARN_UNINITIALIZED_AUTOS = YES_AGGRESSIVE;
				GCC_WARN_UNUSED_FUNCTION = YES;
				GCC_WARN_UNUSED_VARIABLE = YES;
				IPHONEOS_DEPLOYMENT_TARGET = 13.4;
				MTL_ENABLE_DEBUG_INFO = NO;
				MTL_FAST_MATH = YES;
				SDKROOT = iphoneos;
				SWIFT_COMPILATION_MODE = wholemodule;
				SWIFT_OPTIMIZATION_LEVEL = "-O";
				VALIDATE_PRODUCT = YES;
			};
			name = Release;
		};
		DD553F9C24575A3300FEA663 /* Debug */ = {
			isa = XCBuildConfiguration;
			buildSettings = {
				ASSETCATALOG_COMPILER_APPICON_NAME = AppIcon;
				CODE_SIGN_STYLE = Automatic;
				INFOPLIST_FILE = LambdaList/Info.plist;
				LD_RUNPATH_SEARCH_PATHS = (
					"$(inherited)",
					"@executable_path/Frameworks",
				);
				PRODUCT_BUNDLE_IDENTIFIER = BW.LambdaList;
				PRODUCT_NAME = "$(TARGET_NAME)";
				SWIFT_VERSION = 5.0;
				TARGETED_DEVICE_FAMILY = "1,2";
			};
			name = Debug;
		};
		DD553F9D24575A3300FEA663 /* Release */ = {
			isa = XCBuildConfiguration;
			buildSettings = {
				ASSETCATALOG_COMPILER_APPICON_NAME = AppIcon;
				CODE_SIGN_STYLE = Automatic;
				INFOPLIST_FILE = LambdaList/Info.plist;
				LD_RUNPATH_SEARCH_PATHS = (
					"$(inherited)",
					"@executable_path/Frameworks",
				);
				PRODUCT_BUNDLE_IDENTIFIER = BW.LambdaList;
				PRODUCT_NAME = "$(TARGET_NAME)";
				SWIFT_VERSION = 5.0;
				TARGETED_DEVICE_FAMILY = "1,2";
			};
			name = Release;
		};
/* End XCBuildConfiguration section */

/* Begin XCConfigurationList section */
		DD553F8224575A3100FEA663 /* Build configuration list for PBXProject "LambdaList" */ = {
			isa = XCConfigurationList;
			buildConfigurations = (
				DD553F9924575A3300FEA663 /* Debug */,
				DD553F9A24575A3300FEA663 /* Release */,
			);
			defaultConfigurationIsVisible = 0;
			defaultConfigurationName = Release;
		};
		DD553F9B24575A3300FEA663 /* Build configuration list for PBXNativeTarget "LambdaList" */ = {
			isa = XCConfigurationList;
			buildConfigurations = (
				DD553F9C24575A3300FEA663 /* Debug */,
				DD553F9D24575A3300FEA663 /* Release */,
			);
			defaultConfigurationIsVisible = 0;
			defaultConfigurationName = Release;
		};
/* End XCConfigurationList section */

/* Begin XCVersionGroup section */
		1DFA43F424579163002128F1 /* Task.xcdatamodeld */ = {
			isa = XCVersionGroup;
			children = (
				1DFA43F524579163002128F1 /* Tasks.xcdatamodel */,
			);
			currentVersion = 1DFA43F524579163002128F1 /* Tasks.xcdatamodel */;
			path = Task.xcdatamodeld;
			sourceTree = "<group>";
			versionGroupType = wrapper.xcdatamodel;
		};
/* End XCVersionGroup section */
	};
	rootObject = DD553F7F24575A3100FEA663 /* Project object */;
}
